{
  "projects": [
    {
      "projectId": "bfQsSo56x9wb8mj8bupC2W",
      "version": "latest",
      "dependencies": {},
      "lang": "ts",
      "fileLocks": [
        {
          "type": "globalVariant",
          "assetId": "eTV4QLHH-dPg",
          "checksum": "abe16e23f4a22f68a18230ba353418ef"
        },
        {
          "assetId": "bfQsSo56x9wb8mj8bupC2W",
          "type": "projectCss",
          "checksum": "90bfb5ae5d098144b960c6119f951296"
        },
        {
          "type": "renderModule",
          "assetId": "ZITPzAK6hDQL",
          "checksum": "7d81e0c7eaf0c10e3a639a8aa2953ceb"
        },
        {
          "type": "cssRules",
          "assetId": "ZITPzAK6hDQL",
          "checksum": "7d81e0c7eaf0c10e3a639a8aa2953ceb"
        },
        {
          "type": "renderModule",
          "assetId": "SyN8fC1Umt7K",
          "checksum": "f9ae0f451ca9f28d66f561565ad9ca5d"
        },
        {
          "type": "cssRules",
          "assetId": "SyN8fC1Umt7K",
          "checksum": "f9ae0f451ca9f28d66f561565ad9ca5d"
        },
        {
          "type": "renderModule",
          "assetId": "5Hm72LC0L9FZ",
          "checksum": "0b61ec80d9b5995b4f699caae9d46267"
        },
        {
          "type": "cssRules",
          "assetId": "5Hm72LC0L9FZ",
          "checksum": "0b61ec80d9b5995b4f699caae9d46267"
        },
        {
          "type": "renderModule",
          "assetId": "R_KEzyNULLo4",
          "checksum": "8d895739cfd3c158a8e1b8421e52a594"
        },
        {
          "type": "cssRules",
          "assetId": "R_KEzyNULLo4",
          "checksum": "8d895739cfd3c158a8e1b8421e52a594"
        },
        {
          "type": "renderModule",
          "assetId": "nbBRPGUp0KIT",
          "checksum": "8d4f525a8c7b348ce06204e9e5b26660"
        },
        {
          "type": "cssRules",
          "assetId": "nbBRPGUp0KIT",
          "checksum": "8d4f525a8c7b348ce06204e9e5b26660"
        },
        {
          "type": "renderModule",
          "assetId": "i1T5O84tUGg1",
          "checksum": "1339569d0a240ef8af8c39b07f6709d7"
        },
        {
          "type": "cssRules",
          "assetId": "i1T5O84tUGg1",
          "checksum": "1339569d0a240ef8af8c39b07f6709d7"
        },
        {
          "type": "renderModule",
          "assetId": "tyJ69F-_od3y",
          "checksum": "4e6e0d9bd4643befc33b8f915e8395db"
        },
        {
          "type": "cssRules",
          "assetId": "tyJ69F-_od3y",
          "checksum": "4e6e0d9bd4643befc33b8f915e8395db"
        },
        {
          "type": "renderModule",
          "assetId": "2ryQa30oGaNV",
          "checksum": "e99f5382a4284b6ac53606f4160e983b"
        },
        {
          "type": "cssRules",
          "assetId": "2ryQa30oGaNV",
          "checksum": "e99f5382a4284b6ac53606f4160e983b"
        },
        {
          "type": "renderModule",
          "assetId": "zR-2-gP9g9vR",
          "checksum": "7aa143c9fb8813396649c4774b0bac0b"
        },
        {
          "type": "cssRules",
          "assetId": "zR-2-gP9g9vR",
          "checksum": "7aa143c9fb8813396649c4774b0bac0b"
        },
        {
          "type": "renderModule",
          "assetId": "Fg6wQG0x7ihI",
          "checksum": "29a10f2588d815f3b5458230c28752e0"
        },
        {
          "type": "cssRules",
          "assetId": "Fg6wQG0x7ihI",
          "checksum": "29a10f2588d815f3b5458230c28752e0"
        },
        {
          "type": "renderModule",
          "assetId": "tk5Gztdy_wRl",
          "checksum": "222bde69e987014371540d7b9c041f0b"
        },
        {
          "type": "cssRules",
          "assetId": "tk5Gztdy_wRl",
          "checksum": "222bde69e987014371540d7b9c041f0b"
        },
        {
          "type": "icon",
          "assetId": "CPHnuliRZzr7",
          "checksum": "85db3ba508e3311c8940fb4165a5d345"
        },
        {
          "type": "icon",
          "assetId": "HF-IL2JfjoUK",
          "checksum": "24054a54bd3224dd77bbd39d1521cf9c"
        },
        {
          "type": "icon",
          "assetId": "gKuJSPCtQfir",
          "checksum": "81c410a49fdff55a820efab911929ce6"
        },
        {
          "type": "icon",
          "assetId": "Ns86AUytx-VV",
          "checksum": "56d30e5f59bb3dda42e18df799eecea5"
        },
        {
          "type": "icon",
          "assetId": "PPuxfdcd4rrs",
          "checksum": "3fb21a5eccb6c6b7622b0b53fa80b23e"
        },
        {
          "type": "icon",
          "assetId": "uc3RBWXtBfrl",
          "checksum": "2ad34c77e348dcca11f87ba480dd75e3"
        },
        {
          "type": "icon",
          "assetId": "v123S3V4UAm-",
          "checksum": "aad947fce7a5499e87014fa88fc5b8b6"
        },
        {
          "type": "icon",
          "assetId": "MtEhKQ8Vzgbk",
          "checksum": "3bc5100fdacbe4c9cac53b554304aba6"
        },
        {
          "type": "icon",
          "assetId": "BGUhfx6jmcAl",
          "checksum": "a1f7271ba71d0806893833811b58e66d"
        },
        {
          "type": "image",
          "assetId": "0SqNAK1cYbLA",
          "checksum": "f26fc7b9f02e78c5ad5122487bfb9534"
        },
        {
          "type": "image",
          "assetId": "AKXKliYAz3u1",
          "checksum": "1b664da48ed77cc73ca3c743e3d75c00"
        },
        {
          "type": "image",
          "assetId": "dvAlRd9BNVCm",
          "checksum": "718f4e7d7caab20b0a24246b0e4a1d41"
        },
        {
          "type": "image",
          "assetId": "uRiq9CWF0oft",
          "checksum": "18ed1f8fdb9874d0b3e8e18f213f5221"
        },
        {
          "type": "image",
          "assetId": "FmFvwj_ymnnf",
          "checksum": "5cabfaaa5c0886a65b0982d4039236e5"
        },
        {
          "type": "image",
          "assetId": "NzqbH6WHb0-i",
          "checksum": "37d0c10ac09eb64a2a00197d846c65cc"
        },
        {
          "type": "image",
          "assetId": "0Tq7X9ahZmum",
          "checksum": "4ff41949d3021f8b18bb9f2c9e611423"
        },
        {
          "type": "image",
          "assetId": "j-myttyoh2RE",
          "checksum": "25f19bc85e49ccbb6f646fdcf226f3b6"
        },
        {
          "type": "image",
          "assetId": "YUjzoMv-wiA7",
          "checksum": "b9f8934f1a55bab8ce5eb714bb8c923a"
        },
        {
          "type": "image",
          "assetId": "IOQYXYemwdtK",
          "checksum": "9f5fc09d21652ead35dfcd813fdee084"
        },
        {
          "type": "image",
          "assetId": "wFPxr9aaQyvg",
          "checksum": "8c813149b56d807840e93cb164205358"
        },
        {
          "type": "image",
          "assetId": "eJWuSeMIrP1T",
          "checksum": "18ca035d753ece35c168166a897a513b"
        },
        {
          "type": "image",
          "assetId": "mxDJesPVhufB",
          "checksum": "12db3474967b076873d925892bfd1682"
        },
        {
          "type": "image",
          "assetId": "RISLMQlCdAOA",
          "checksum": "e32f1773edaeef973e8820b4847d50a2"
        },
        {
          "type": "image",
          "assetId": "xrkaLYDFifoq",
          "checksum": "46e97583f3f8bddc63389357b6ce69aa"
        },
        {
          "type": "image",
          "assetId": "IUEVvXkFMZgO",
          "checksum": "8c61919539aa344fa5ba2f0782445996"
        },
        {
          "type": "image",
          "assetId": "Nz7pzOdcHRI3",
          "checksum": "40f5893743b4f047ede639b27bddedc7"
        },
        {
          "type": "image",
          "assetId": "nAv5IQkvL1cp",
          "checksum": "68dd5b55ad96755fe41580ed354ee647"
        },
        {
          "type": "image",
          "assetId": "ouA6g2POAFmc",
          "checksum": "0bd545f30d95b10a9575f2c8f54048b6"
        },
        {
          "type": "image",
          "assetId": "Y0p1R4T2114Q",
          "checksum": "e93382b4b7f4e94f210255ef16a50197"
        },
        {
          "type": "image",
          "assetId": "aUaf0XLPjVIm",
          "checksum": "e84d547821751d1ca2f5595e39b722b0"
        },
        {
          "type": "image",
          "assetId": "r4FYSmn7d5Q6",
          "checksum": "d63934edc31ed5cde52348ff55188654"
        },
        {
          "type": "image",
          "assetId": "UgdeFH13NIwT",
          "checksum": "e8eeb985cf1187032162d6029b856e99"
        },
        {
          "type": "image",
          "assetId": "1GKQa6OPCYp4",
          "checksum": "6fa02a1d87b3d514885324802306a75b"
        },
        {
          "type": "image",
          "assetId": "gydJ2_CMPom_",
          "checksum": "6606676756226ffaf2d3fc7c53a3b16e"
        },
        {
          "type": "image",
          "assetId": "zgKFUbDwCb7g",
          "checksum": "f3a0c0cc0d9a74dd5a6cbb6c3d081a51"
        },
        {
          "type": "image",
          "assetId": "-1PlBfQpnJAo",
          "checksum": "23917e909746c7b9ae9b16b834f0929b"
        },
        {
          "type": "image",
          "assetId": "ZAwuBgbpsrZq",
          "checksum": "9680c0b2ce4f3d18ba611b3eb453a346"
        },
        {
          "type": "image",
          "assetId": "LYllT6xS02uH",
          "checksum": "2fd6e3f9aef9ecb6cad28c2317723616"
        },
        {
          "type": "image",
          "assetId": "Mv0IBjG0J49r",
          "checksum": "26e7d0e8860beb00b92b6599f19cba67"
        },
        {
          "type": "image",
          "assetId": "3lXSD0kz5pTC",
          "checksum": "aeef6c27e375dd5e2da2d2d3741d7259"
        },
        {
          "type": "image",
          "assetId": "WYFQ4gbkNXEW",
          "checksum": "b8ad7551cd7b23c3aa6d161344c4cff2"
        },
        {
          "type": "image",
          "assetId": "gy4DOPLZiz3o",
          "checksum": "6bb3b555e49b8f90b39ec0e5c29ad2fc"
        },
        {
          "type": "image",
          "assetId": "4oBO6ENhjdsq",
          "checksum": "a0c0f53562fc637a10a9e3319a30015f"
        },
        {
          "type": "image",
          "assetId": "4sP5fJbOXORI",
          "checksum": "ade1aa4774e0031789de4e054079f4b6"
        },
        {
          "type": "image",
          "assetId": "9jlQRHoJQKM8",
          "checksum": "3b534a9e157fdb4ce64049a0b6a19b83"
        },
        {
          "type": "image",
          "assetId": "XIxXah9SmK5U",
          "checksum": "8aadbf9ce236346f79d07bcf386e6add"
        }
      ],
      "codegenVersion": "0.0.1"
    }
  ],
  "cliVersion": "0.1.327"
}
